
Microsoft Visual Studio Solution File, Format Version 12.00
# Visual Studio 15
VisualStudioVersion = 15.0.26228.10
MinimumVisualStudioVersion = 10.0.40219.1
Project("{FAE04EC0-301F-11D3-BF4B-00C04F79EFBC}") = "Imparter", "Imparter\Imparter.csproj", "{B167C10A-F568-417F-BD96-092F2FBE415F}"
EndProject
Project("{FAE04EC0-301F-11D3-BF4B-00C04F79EFBC}") = "Imparter.Demo", "Imparter.Demo\Imparter.Demo.csproj", "{78BDBA95-EB60-4AF7-AF25-59D18696472C}"
EndProject
Project("{FAE04EC0-301F-11D3-BF4B-00C04F79EFBC}") = "Imparter.Sql", "Imparter.Sql\Imparter.Sql.csproj", "{4EEC6B0C-EA0B-4D04-A5E5-CE2259BE292A}"
EndProject
Project("{2150E333-8FDC-42A3-9474-1A3956D46DE8}") = "Demos", "Demos", "{1087A055-3090-40E3-A6A8-25947B890136}"
EndProject
Project("{2150E333-8FDC-42A3-9474-1A3956D46DE8}") = "WebOnly", "WebOnly", "{09CB1AB4-D68B-4823-9C71-4812F89C86F9}"
EndProject
Project("{FAE04EC0-301F-11D3-BF4B-00C04F79EFBC}") = "Imparter.Demos.WebOnly", "Imparter.Demos.WebOnly\Imparter.Demos.WebOnly.csproj", "{5CD6CA80-5387-4488-84AB-6D0DEBB9CA8B}"
EndProject
Global
	GlobalSection(SolutionConfigurationPlatforms) = preSolution
		Debug|Any CPU = Debug|Any CPU
		Release|Any CPU = Release|Any CPU
	EndGlobalSection
	GlobalSection(ProjectConfigurationPlatforms) = postSolution
		{B167C10A-F568-417F-BD96-092F2FBE415F}.Debug|Any CPU.ActiveCfg = Debug|Any CPU
		{B167C10A-F568-417F-BD96-092F2FBE415F}.Debug|Any CPU.Build.0 = Debug|Any CPU
		{B167C10A-F568-417F-BD96-092F2FBE415F}.Release|Any CPU.ActiveCfg = Release|Any CPU
		{B167C10A-F568-417F-BD96-092F2FBE415F}.Release|Any CPU.Build.0 = Release|Any CPU
		{78BDBA95-EB60-4AF7-AF25-59D18696472C}.Debug|Any CPU.ActiveCfg = Debug|Any CPU
		{78BDBA95-EB60-4AF7-AF25-59D18696472C}.Debug|Any CPU.Build.0 = Debug|Any CPU
		{78BDBA95-EB60-4AF7-AF25-59D18696472C}.Release|Any CPU.ActiveCfg = Release|Any CPU
		{78BDBA95-EB60-4AF7-AF25-59D18696472C}.Release|Any CPU.Build.0 = Release|Any CPU
		{4EEC6B0C-EA0B-4D04-A5E5-CE2259BE292A}.Debug|Any CPU.ActiveCfg = Debug|Any CPU
		{4EEC6B0C-EA0B-4D04-A5E5-CE2259BE292A}.Debug|Any CPU.Build.0 = Debug|Any CPU
		{4EEC6B0C-EA0B-4D04-A5E5-CE2259BE292A}.Release|Any CPU.ActiveCfg = Release|Any CPU
		{4EEC6B0C-EA0B-4D04-A5E5-CE2259BE292A}.Release|Any CPU.Build.0 = Release|Any CPU
		{5CD6CA80-5387-4488-84AB-6D0DEBB9CA8B}.Debug|Any CPU.ActiveCfg = Debug|Any CPU
		{5CD6CA80-5387-4488-84AB-6D0DEBB9CA8B}.Debug|Any CPU.Build.0 = Debug|Any CPU
		{5CD6CA80-5387-4488-84AB-6D0DEBB9CA8B}.Release|Any CPU.ActiveCfg = Release|Any CPU
		{5CD6CA80-5387-4488-84AB-6D0DEBB9CA8B}.Release|Any CPU.Build.0 = Release|Any CPU
	EndGlobalSection
	GlobalSection(SolutionProperties) = preSolution
		HideSolutionNode = FALSE
	EndGlobalSection
	GlobalSection(NestedProjects) = preSolution
		{09CB1AB4-D68B-4823-9C71-4812F89C86F9} = {1087A055-3090-40E3-A6A8-25947B890136}
		{5CD6CA80-5387-4488-84AB-6D0DEBB9CA8B} = {09CB1AB4-D68B-4823-9C71-4812F89C86F9}
	EndGlobalSection
EndGlobal
